
Microsoft Visual Studio Solution File, Format Version 12.00
Project("{FAE04EC0-301F-11D3-BF4B-00C04F79EFBC}") = "Backbone.General.Serialization.Json.Abstractions", "Backbone.General.Serialization.Json.Abstractions\Backbone.General.Serialization.Json.Abstractions.csproj", "{99454A2D-4DF4-44BF-8878-7D714A976A40}"
EndProject
Project("{FAE04EC0-301F-11D3-BF4B-00C04F79EFBC}") = "Backbone.General.Serialization.Json.Newtonsoft", "Backbone.General.Serialization.Json.Newtonsoft\Backbone.General.Serialization.Json.Newtonsoft.csproj", "{FED19D5C-C11F-44E3-A986-1E20AB866297}"
EndProject
Project("{FAE04EC0-301F-11D3-BF4B-00C04F79EFBC}") = "Backbone.General.Serialization.Json.System", "Backbone.General.Serialization.Json.System\Backbone.General.Serialization.Json.System.csproj", "{39D49AFA-94E2-476C-87C2-46EDFEB21580}"
EndProject
Global
	GlobalSection(SolutionConfigurationPlatforms) = preSolution
		Debug|Any CPU = Debug|Any CPU
		Release|Any CPU = Release|Any CPU
	EndGlobalSection
	GlobalSection(ProjectConfigurationPlatforms) = postSolution
		{99454A2D-4DF4-44BF-8878-7D714A976A40}.Debug|Any CPU.ActiveCfg = Debug|Any CPU
		{99454A2D-4DF4-44BF-8878-7D714A976A40}.Debug|Any CPU.Build.0 = Debug|Any CPU
		{99454A2D-4DF4-44BF-8878-7D714A976A40}.Release|Any CPU.ActiveCfg = Release|Any CPU
		{99454A2D-4DF4-44BF-8878-7D714A976A40}.Release|Any CPU.Build.0 = Release|Any CPU
		{FED19D5C-C11F-44E3-A986-1E20AB866297}.Debug|Any CPU.ActiveCfg = Debug|Any CPU
		{FED19D5C-C11F-44E3-A986-1E20AB866297}.Debug|Any CPU.Build.0 = Debug|Any CPU
		{FED19D5C-C11F-44E3-A986-1E20AB866297}.Release|Any CPU.ActiveCfg = Release|Any CPU
		{FED19D5C-C11F-44E3-A986-1E20AB866297}.Release|Any CPU.Build.0 = Release|Any CPU
		{39D49AFA-94E2-476C-87C2-46EDFEB21580}.Debug|Any CPU.ActiveCfg = Debug|Any CPU
		{39D49AFA-94E2-476C-87C2-46EDFEB21580}.Debug|Any CPU.Build.0 = Debug|Any CPU
		{39D49AFA-94E2-476C-87C2-46EDFEB21580}.Release|Any CPU.ActiveCfg = Release|Any CPU
		{39D49AFA-94E2-476C-87C2-46EDFEB21580}.Release|Any CPU.Build.0 = Release|Any CPU
	EndGlobalSection
EndGlobal
